
Microsoft Visual Studio Solution File, Format Version 12.00
# Visual Studio Version 17
VisualStudioVersion = 17.0.31919.166
MinimumVisualStudioVersion = 10.0.40219.1
Project("{FAE04EC0-301F-11D3-BF4B-00C04F79EFBC}") = "ExpensesCSharp", "ExpensesCSharp\ExpensesCSharp.csproj", "{7224190D-572E-4125-916B-717A7C294D36}"
EndProject
Global
	GlobalSection(SolutionConfigurationPlatforms) = preSolution
		Debug|Any CPU = Debug|Any CPU
		Release|Any CPU = Release|Any CPU
	EndGlobalSection
	GlobalSection(ProjectConfigurationPlatforms) = postSolution
		{7224190D-572E-4125-916B-717A7C294D36}.Debug|Any CPU.ActiveCfg = Debug|Any CPU
		{7224190D-572E-4125-916B-717A7C294D36}.Debug|Any CPU.Build.0 = Debug|Any CPU
		{7224190D-572E-4125-916B-717A7C294D36}.Release|Any CPU.ActiveCfg = Release|Any CPU
		{7224190D-572E-4125-916B-717A7C294D36}.Release|Any CPU.Build.0 = Release|Any CPU
	EndGlobalSection
	GlobalSection(SolutionProperties) = preSolution
		HideSolutionNode = FALSE
	EndGlobalSection
	GlobalSection(ExtensibilityGlobals) = postSolution
		SolutionGuid = {058E8D97-5CA1-4BC4-A68B-3052F99C366B}
	EndGlobalSection
EndGlobal
